// !$*UTF8*$!
{
	archiveVersion = 1;
	classes = {
	};
	objectVersion = 56;
	objects = {

/* Begin PBXBuildFile section */
		AE877B072C240456008D5A0F /* AppDelegate.swift in Sources */ = {isa = PBXBuildFile; fileRef = AE877B062C240456008D5A0F /* AppDelegate.swift */; };
		AE877B092C240456008D5A0F /* SceneDelegate.swift in Sources */ = {isa = PBXBuildFile; fileRef = AE877B082C240456008D5A0F /* SceneDelegate.swift */; };
		AE877B0B2C240456008D5A0F /* ViewController.swift in Sources */ = {isa = PBXBuildFile; fileRef = AE877B0A2C240456008D5A0F /* ViewController.swift */; };
		AE877B0E2C240456008D5A0F /* Base in Resources */ = {isa = PBXBuildFile; fileRef = AE877B0D2C240456008D5A0F /* Base */; };
		AE877B102C240457008D5A0F /* Assets.xcassets in Resources */ = {isa = PBXBuildFile; fileRef = AE877B0F2C240457008D5A0F /* Assets.xcassets */; };
		AE877B132C240457008D5A0F /* Base in Resources */ = {isa = PBXBuildFile; fileRef = AE877B122C240457008D5A0F /* Base */; };
		AE877B1C2C243A58008D5A0F /* FirebaseAnalytics in Frameworks */ = {isa = PBXBuildFile; productRef = AE877B1B2C243A58008D5A0F /* FirebaseAnalytics */; };
		AE877B1E2C243A58008D5A0F /* FirebaseAuth in Frameworks */ = {isa = PBXBuildFile; productRef = AE877B1D2C243A58008D5A0F /* FirebaseAuth */; };
		AE877B202C243A58008D5A0F /* FirebaseCrashlytics in Frameworks */ = {isa = PBXBuildFile; productRef = AE877B1F2C243A58008D5A0F /* FirebaseCrashlytics */; };
		AE877B222C243A58008D5A0F /* FirebaseFirestore in Frameworks */ = {isa = PBXBuildFile; productRef = AE877B212C243A58008D5A0F /* FirebaseFirestore */; };
		AE877B242C243A58008D5A0F /* FirebaseInAppMessagingSwift-Beta in Frameworks */ = {isa = PBXBuildFile; productRef = AE877B232C243A58008D5A0F /* FirebaseInAppMessagingSwift-Beta */; };
		AE877B262C243A58008D5A0F /* FirebaseMessaging in Frameworks */ = {isa = PBXBuildFile; productRef = AE877B252C243A58008D5A0F /* FirebaseMessaging */; };
		AE877B282C243A58008D5A0F /* FirebaseStorage in Frameworks */ = {isa = PBXBuildFile; productRef = AE877B272C243A58008D5A0F /* FirebaseStorage */; };
		AE877B2A2C245AD4008D5A0F /* GoogleService-Info.plist in Resources */ = {isa = PBXBuildFile; fileRef = AE877B292C245AD4008D5A0F /* GoogleService-Info.plist */; };
/* End PBXBuildFile section */

/* Begin PBXFileReference section */
		AE877B032C240456008D5A0F /* MFChat.app */ = {isa = PBXFileReference; explicitFileType = wrapper.application; includeInIndex = 0; path = MFChat.app; sourceTree = BUILT_PRODUCTS_DIR; };
		AE877B062C240456008D5A0F /* AppDelegate.swift */ = {isa = PBXFileReference; lastKnownFileType = sourcecode.swift; path = AppDelegate.swift; sourceTree = "<group>"; };
		AE877B082C240456008D5A0F /* SceneDelegate.swift */ = {isa = PBXFileReference; lastKnownFileType = sourcecode.swift; path = SceneDelegate.swift; sourceTree = "<group>"; };
		AE877B0A2C240456008D5A0F /* ViewController.swift */ = {isa = PBXFileReference; lastKnownFileType = sourcecode.swift; path = ViewController.swift; sourceTree = "<group>"; };
		AE877B0D2C240456008D5A0F /* Base */ = {isa = PBXFileReference; lastKnownFileType = file.storyboard; name = Base; path = Base.lproj/Main.storyboard; sourceTree = "<group>"; };
		AE877B0F2C240457008D5A0F /* Assets.xcassets */ = {isa = PBXFileReference; lastKnownFileType = folder.assetcatalog; path = Assets.xcassets; sourceTree = "<group>"; };
		AE877B122C240457008D5A0F /* Base */ = {isa = PBXFileReference; lastKnownFileType = file.storyboard; name = Base; path = Base.lproj/LaunchScreen.storyboard; sourceTree = "<group>"; };
		AE877B142C240457008D5A0F /* Info.plist */ = {isa = PBXFileReference; lastKnownFileType = text.plist.xml; path = Info.plist; sourceTree = "<group>"; };
		AE877B292C245AD4008D5A0F /* GoogleService-Info.plist */ = {isa = PBXFileReference; fileEncoding = 4; lastKnownFileType = text.plist.xml; path = "GoogleService-Info.plist"; sourceTree = "<group>"; };
/* End PBXFileReference section */

/* Begin PBXFrameworksBuildPhase section */
		AE877B002C240456008D5A0F /* Frameworks */ = {
			isa = PBXFrameworksBuildPhase;
			buildActionMask = 2147483647;
			files = (
				AE877B262C243A58008D5A0F /* FirebaseMessaging in Frameworks */,
				AE877B202C243A58008D5A0F /* FirebaseCrashlytics in Frameworks */,
				AE877B222C243A58008D5A0F /* FirebaseFirestore in Frameworks */,
				AE877B242C243A58008D5A0F /* FirebaseInAppMessagingSwift-Beta in Frameworks */,
				AE877B282C243A58008D5A0F /* FirebaseStorage in Frameworks */,
				AE877B1C2C243A58008D5A0F /* FirebaseAnalytics in Frameworks */,
				AE877B1E2C243A58008D5A0F /* FirebaseAuth in Frameworks */,
			);
			runOnlyForDeploymentPostprocessing = 0;
		};
/* End PBXFrameworksBuildPhase section */

/* Begin PBXGroup section */
		AE877AFA2C240456008D5A0F = {
			isa = PBXGroup;
			children = (
				AE877B052C240456008D5A0F /* MFChat */,
				AE877B042C240456008D5A0F /* Products */,
			);
			sourceTree = "<group>";
		};
		AE877B042C240456008D5A0F /* Products */ = {
			isa = PBXGroup;
			children = (
				AE877B032C240456008D5A0F /* MFChat.app */,
			);
			name = Products;
			sourceTree = "<group>";
		};
		AE877B052C240456008D5A0F /* MFChat */ = {
			isa = PBXGroup;
			children = (
				AE877B062C240456008D5A0F /* AppDelegate.swift */,
				AE877B082C240456008D5A0F /* SceneDelegate.swift */,
				AE877B0A2C240456008D5A0F /* ViewController.swift */,
				AE877B0C2C240456008D5A0F /* Main.storyboard */,
				AE877B0F2C240457008D5A0F /* Assets.xcassets */,
				AE877B112C240457008D5A0F /* LaunchScreen.storyboard */,
				AE877B142C240457008D5A0F /* Info.plist */,
				AE877B292C245AD4008D5A0F /* GoogleService-Info.plist */,
			);
			path = MFChat;
			sourceTree = "<group>";
		};
/* End PBXGroup section */

/* Begin PBXNativeTarget section */
		AE877B022C240456008D5A0F /* MFChat */ = {
			isa = PBXNativeTarget;
			buildConfigurationList = AE877B172C240457008D5A0F /* Build configuration list for PBXNativeTarget "MFChat" */;
			buildPhases = (
				AE877AFF2C240456008D5A0F /* Sources */,
				AE877B002C240456008D5A0F /* Frameworks */,
				AE877B012C240456008D5A0F /* Resources */,
			);
			buildRules = (
			);
			dependencies = (
			);
			name = MFChat;
			packageProductDependencies = (
				AE877B1B2C243A58008D5A0F /* FirebaseAnalytics */,
				AE877B1D2C243A58008D5A0F /* FirebaseAuth */,
				AE877B1F2C243A58008D5A0F /* FirebaseCrashlytics */,
				AE877B212C243A58008D5A0F /* FirebaseFirestore */,
				AE877B232C243A58008D5A0F /* FirebaseInAppMessagingSwift-Beta */,
				AE877B252C243A58008D5A0F /* FirebaseMessaging */,
				AE877B272C243A58008D5A0F /* FirebaseStorage */,
			);
			productName = MFChat;
			productReference = AE877B032C240456008D5A0F /* MFChat.app */;
			productType = "com.apple.product-type.application";
		};
/* End PBXNativeTarget section */

/* Begin PBXProject section */
		AE877AFB2C240456008D5A0F /* Project object */ = {
			isa = PBXProject;
			attributes = {
				BuildIndependentTargetsInParallel = 1;
				LastSwiftUpdateCheck = 1530;
				LastUpgradeCheck = 1530;
				TargetAttributes = {
					AE877B022C240456008D5A0F = {
						CreatedOnToolsVersion = 15.3;
					};
				};
			};
			buildConfigurationList = AE877AFE2C240456008D5A0F /* Build configuration list for PBXProject "MFChat" */;
			compatibilityVersion = "Xcode 14.0";
			developmentRegion = en;
			hasScannedForEncodings = 0;
			knownRegions = (
				en,
				Base,
			);
			mainGroup = AE877AFA2C240456008D5A0F;
			packageReferences = (
				AE877B1A2C243A58008D5A0F /* XCRemoteSwiftPackageReference "firebase-ios-sdk" */,
			);
			productRefGroup = AE877B042C240456008D5A0F /* Products */;
			projectDirPath = "";
			projectRoot = "";
			targets = (
				AE877B022C240456008D5A0F /* MFChat */,
			);
		};
/* End PBXProject section */

/* Begin PBXResourcesBuildPhase section */
		AE877B012C240456008D5A0F /* Resources */ = {
			isa = PBXResourcesBuildPhase;
			buildActionMask = 2147483647;
			files = (
				AE877B102C240457008D5A0F /* Assets.xcassets in Resources */,
				AE877B2A2C245AD4008D5A0F /* GoogleService-Info.plist in Resources */,
				AE877B132C240457008D5A0F /* Base in Resources */,
				AE877B0E2C240456008D5A0F /* Base in Resources */,
			);
			runOnlyForDeploymentPostprocessing = 0;
		};
/* End PBXResourcesBuildPhase section */

/* Begin PBXSourcesBuildPhase section */
		AE877AFF2C240456008D5A0F /* Sources */ = {
			isa = PBXSourcesBuildPhase;
			buildActionMask = 2147483647;
			files = (
				AE877B0B2C240456008D5A0F /* ViewController.swift in Sources */,
				AE877B072C240456008D5A0F /* AppDelegate.swift in Sources */,
				AE877B092C240456008D5A0F /* SceneDelegate.swift in Sources */,
			);
			runOnlyForDeploymentPostprocessing = 0;
		};
/* End PBXSourcesBuildPhase section */

/* Begin PBXVariantGroup section */
		AE877B0C2C240456008D5A0F /* Main.storyboard */ = {
			isa = PBXVariantGroup;
			children = (
				AE877B0D2C240456008D5A0F /* Base */,
			);
			name = Main.storyboard;
			sourceTree = "<group>";
		};
		AE877B112C240457008D5A0F /* LaunchScreen.storyboard */ = {
			isa = PBXVariantGroup;
			children = (
				AE877B122C240457008D5A0F /* Base */,
			);
			name = LaunchScreen.storyboard;
			sourceTree = "<group>";
		};
/* End PBXVariantGroup section */

/* Begin XCBuildConfiguration section */
		AE877B152C240457008D5A0F /* Debug */ = {
			isa = XCBuildConfiguration;
			buildSettings = {
				ALWAYS_SEARCH_USER_PATHS = NO;
				ASSETCATALOG_COMPILER_GENERATE_SWIFT_ASSET_SYMBOL_EXTENSIONS = YES;
				CLANG_ANALYZER_NONNULL = YES;
				CLANG_ANALYZER_NUMBER_OBJECT_CONVERSION = YES_AGGRESSIVE;
				CLANG_CXX_LANGUAGE_STANDARD = "gnu++20";
				CLANG_ENABLE_MODULES = YES;
				CLANG_ENABLE_OBJC_ARC = YES;
				CLANG_ENABLE_OBJC_WEAK = YES;
				CLANG_WARN_BLOCK_CAPTURE_AUTORELEASING = YES;
				CLANG_WARN_BOOL_CONVERSION = YES;
				CLANG_WARN_COMMA = YES;
				CLANG_WARN_CONSTANT_CONVERSION = YES;
				CLANG_WARN_DEPRECATED_OBJC_IMPLEMENTATIONS = YES;
				CLANG_WARN_DIRECT_OBJC_ISA_USAGE = YES_ERROR;
				CLANG_WARN_DOCUMENTATION_COMMENTS = YES;
				CLANG_WARN_EMPTY_BODY = YES;
				CLANG_WARN_ENUM_CONVERSION = YES;
				CLANG_WARN_INFINITE_RECURSION = YES;
				CLANG_WARN_INT_CONVERSION = YES;
				CLANG_WARN_NON_LITERAL_NULL_CONVERSION = YES;
				CLANG_WARN_OBJC_IMPLICIT_RETAIN_SELF = YES;
				CLANG_WARN_OBJC_LITERAL_CONVERSION = YES;
				CLANG_WARN_OBJC_ROOT_CLASS = YES_ERROR;
				CLANG_WARN_QUOTED_INCLUDE_IN_FRAMEWORK_HEADER = YES;
				CLANG_WARN_RANGE_LOOP_ANALYSIS = YES;
				CLANG_WARN_STRICT_PROTOTYPES = YES;
				CLANG_WARN_SUSPICIOUS_MOVE = YES;
				CLANG_WARN_UNGUARDED_AVAILABILITY = YES_AGGRESSIVE;
				CLANG_WARN_UNREACHABLE_CODE = YES;
				CLANG_WARN__DUPLICATE_METHOD_MATCH = YES;
				COPY_PHASE_STRIP = NO;
				DEBUG_INFORMATION_FORMAT = dwarf;
				ENABLE_STRICT_OBJC_MSGSEND = YES;
				ENABLE_TESTABILITY = YES;
				ENABLE_USER_SCRIPT_SANDBOXING = YES;
				GCC_C_LANGUAGE_STANDARD = gnu17;
				GCC_DYNAMIC_NO_PIC = NO;
				GCC_NO_COMMON_BLOCKS = YES;
				GCC_OPTIMIZATION_LEVEL = 0;
				GCC_PREPROCESSOR_DEFINITIONS = (
					"DEBUG=1",
					"$(inherited)",
				);
				GCC_WARN_64_TO_32_BIT_CONVERSION = YES;
				GCC_WARN_ABOUT_RETURN_TYPE = YES_ERROR;
				GCC_WARN_UNDECLARED_SELECTOR = YES;
				GCC_WARN_UNINITIALIZED_AUTOS = YES_AGGRESSIVE;
				GCC_WARN_UNUSED_FUNCTION = YES;
				GCC_WARN_UNUSED_VARIABLE = YES;
				IPHONEOS_DEPLOYMENT_TARGET = 17.4;
				LOCALIZATION_PREFERS_STRING_CATALOGS = YES;
				MTL_ENABLE_DEBUG_INFO = INCLUDE_SOURCE;
				MTL_FAST_MATH = YES;
				ONLY_ACTIVE_ARCH = YES;
				SDKROOT = iphoneos;
				SWIFT_ACTIVE_COMPILATION_CONDITIONS = "DEBUG $(inherited)";
				SWIFT_OPTIMIZATION_LEVEL = "-Onone";
			};
			name = Debug;
		};
		AE877B162C240457008D5A0F /* Release */ = {
			isa = XCBuildConfiguration;
			buildSettings = {
				ALWAYS_SEARCH_USER_PATHS = NO;
				ASSETCATALOG_COMPILER_GENERATE_SWIFT_ASSET_SYMBOL_EXTENSIONS = YES;
				CLANG_ANALYZER_NONNULL = YES;
				CLANG_ANALYZER_NUMBER_OBJECT_CONVERSION = YES_AGGRESSIVE;
				CLANG_CXX_LANGUAGE_STANDARD = "gnu++20";
				CLANG_ENABLE_MODULES = YES;
				CLANG_ENABLE_OBJC_ARC = YES;
				CLANG_ENABLE_OBJC_WEAK = YES;
				CLANG_WARN_BLOCK_CAPTURE_AUTORELEASING = YES;
				CLANG_WARN_BOOL_CONVERSION = YES;
				CLANG_WARN_COMMA = YES;
				CLANG_WARN_CONSTANT_CONVERSION = YES;
				CLANG_WARN_DEPRECATED_OBJC_IMPLEMENTATIONS = YES;
				CLANG_WARN_DIRECT_OBJC_ISA_USAGE = YES_ERROR;
				CLANG_WARN_DOCUMENTATION_COMMENTS = YES;
				CLANG_WARN_EMPTY_BODY = YES;
				CLANG_WARN_ENUM_CONVERSION = YES;
				CLANG_WARN_INFINITE_RECURSION = YES;
				CLANG_WARN_INT_CONVERSION = YES;
				CLANG_WARN_NON_LITERAL_NULL_CONVERSION = YES;
				CLANG_WARN_OBJC_IMPLICIT_RETAIN_SELF = YES;
				CLANG_WARN_OBJC_LITERAL_CONVERSION = YES;
				CLANG_WARN_OBJC_ROOT_CLASS = YES_ERROR;
				CLANG_WARN_QUOTED_INCLUDE_IN_FRAMEWORK_HEADER = YES;
				CLANG_WARN_RANGE_LOOP_ANALYSIS = YES;
				CLANG_WARN_STRICT_PROTOTYPES = YES;
				CLANG_WARN_SUSPICIOUS_MOVE = YES;
				CLANG_WARN_UNGUARDED_AVAILABILITY = YES_AGGRESSIVE;
				CLANG_WARN_UNREACHABLE_CODE = YES;
				CLANG_WARN__DUPLICATE_METHOD_MATCH = YES;
				COPY_PHASE_STRIP = NO;
				DEBUG_INFORMATION_FORMAT = "dwarf-with-dsym";
				ENABLE_NS_ASSERTIONS = NO;
				ENABLE_STRICT_OBJC_MSGSEND = YES;
				ENABLE_USER_SCRIPT_SANDBOXING = YES;
				GCC_C_LANGUAGE_STANDARD = gnu17;
				GCC_NO_COMMON_BLOCKS = YES;
				GCC_WARN_64_TO_32_BIT_CONVERSION = YES;
				GCC_WARN_ABOUT_RETURN_TYPE = YES_ERROR;
				GCC_WARN_UNDECLARED_SELECTOR = YES;
				GCC_WARN_UNINITIALIZED_AUTOS = YES_AGGRESSIVE;
				GCC_WARN_UNUSED_FUNCTION = YES;
				GCC_WARN_UNUSED_VARIABLE = YES;
				IPHONEOS_DEPLOYMENT_TARGET = 17.4;
				LOCALIZATION_PREFERS_STRING_CATALOGS = YES;
				MTL_ENABLE_DEBUG_INFO = NO;
				MTL_FAST_MATH = YES;
				SDKROOT = iphoneos;
				SWIFT_COMPILATION_MODE = wholemodule;
				VALIDATE_PRODUCT = YES;
			};
			name = Release;
		};
		AE877B182C240457008D5A0F /* Debug */ = {
			isa = XCBuildConfiguration;
			buildSettings = {
				ASSETCATALOG_COMPILER_APPICON_NAME = AppIcon;
				ASSETCATALOG_COMPILER_GLOBAL_ACCENT_COLOR_NAME = AccentColor;
				CODE_SIGN_STYLE = Automatic;
				CURRENT_PROJECT_VERSION = 1;
				GENERATE_INFOPLIST_FILE = YES;
				INFOPLIST_FILE = MFChat/Info.plist;
				INFOPLIST_KEY_UIApplicationSupportsIndirectInputEvents = YES;
				INFOPLIST_KEY_UILaunchStoryboardName = LaunchScreen;
				INFOPLIST_KEY_UIMainStoryboardFile = Main;
				INFOPLIST_KEY_UISupportedInterfaceOrientations_iPad = "UIInterfaceOrientationPortrait UIInterfaceOrientationPortraitUpsideDown UIInterfaceOrientationLandscapeLeft UIInterfaceOrientationLandscapeRight";
				INFOPLIST_KEY_UISupportedInterfaceOrientations_iPhone = "UIInterfaceOrientationPortrait UIInterfaceOrientationLandscapeLeft UIInterfaceOrientationLandscapeRight";
				LD_RUNPATH_SEARCH_PATHS = (
					"$(inherited)",
					"@executable_path/Frameworks",
				);
				MARKETING_VERSION = 1.0;
				PRODUCT_BUNDLE_IDENTIFIER = mobofilia.MFChat;
				PRODUCT_NAME = "$(TARGET_NAME)";
				SWIFT_EMIT_LOC_STRINGS = YES;
				SWIFT_VERSION = 5.0;
				TARGETED_DEVICE_FAMILY = "1,2";
			};
			name = Debug;
		};
		AE877B192C240457008D5A0F /* Release */ = {
			isa = XCBuildConfiguration;
			buildSettings = {
				ASSETCATALOG_COMPILER_APPICON_NAME = AppIcon;
				ASSETCATALOG_COMPILER_GLOBAL_ACCENT_COLOR_NAME = AccentColor;
				CODE_SIGN_STYLE = Automatic;
				CURRENT_PROJECT_VERSION = 1;
				GENERATE_INFOPLIST_FILE = YES;
				INFOPLIST_FILE = MFChat/Info.plist;
				INFOPLIST_KEY_UIApplicationSupportsIndirectInputEvents = YES;
				INFOPLIST_KEY_UILaunchStoryboardName = LaunchScreen;
				INFOPLIST_KEY_UIMainStoryboardFile = Main;
				INFOPLIST_KEY_UISupportedInterfaceOrientations_iPad = "UIInterfaceOrientationPortrait UIInterfaceOrientationPortraitUpsideDown UIInterfaceOrientationLandscapeLeft UIInterfaceOrientationLandscapeRight";
				INFOPLIST_KEY_UISupportedInterfaceOrientations_iPhone = "UIInterfaceOrientationPortrait UIInterfaceOrientationLandscapeLeft UIInterfaceOrientationLandscapeRight";
				LD_RUNPATH_SEARCH_PATHS = (
					"$(inherited)",
					"@executable_path/Frameworks",
				);
				MARKETING_VERSION = 1.0;
				PRODUCT_BUNDLE_IDENTIFIER = mobofilia.MFChat;
				PRODUCT_NAME = "$(TARGET_NAME)";
				SWIFT_EMIT_LOC_STRINGS = YES;
				SWIFT_VERSION = 5.0;
				TARGETED_DEVICE_FAMILY = "1,2";
			};
			name = Release;
		};
/* End XCBuildConfiguration section */

/* Begin XCConfigurationList section */
		AE877AFE2C240456008D5A0F /* Build configuration list for PBXProject "MFChat" */ = {
			isa = XCConfigurationList;
			buildConfigurations = (
				AE877B152C240457008D5A0F /* Debug */,
				AE877B162C240457008D5A0F /* Release */,
			);
			defaultConfigurationIsVisible = 0;
			defaultConfigurationName = Release;
		};
		AE877B172C240457008D5A0F /* Build configuration list for PBXNativeTarget "MFChat" */ = {
			isa = XCConfigurationList;
			buildConfigurations = (
				AE877B182C240457008D5A0F /* Debug */,
				AE877B192C240457008D5A0F /* Release */,
			);
			defaultConfigurationIsVisible = 0;
			defaultConfigurationName = Release;
		};
/* End XCConfigurationList section */

/* Begin XCRemoteSwiftPackageReference section */
		AE877B1A2C243A58008D5A0F /* XCRemoteSwiftPackageReference "firebase-ios-sdk" */ = {
			isa = XCRemoteSwiftPackageReference;
			repositoryURL = "https://github.com/firebase/firebase-ios-sdk";
			requirement = {
				kind = upToNextMajorVersion;
				minimumVersion = 10.28.0;
			};
		};
/* End XCRemoteSwiftPackageReference section */

/* Begin XCSwiftPackageProductDependency section */
		AE877B1B2C243A58008D5A0F /* FirebaseAnalytics */ = {
			isa = XCSwiftPackageProductDependency;
			package = AE877B1A2C243A58008D5A0F /* XCRemoteSwiftPackageReference "firebase-ios-sdk" */;
			productName = FirebaseAnalytics;
		};
		AE877B1D2C243A58008D5A0F /* FirebaseAuth */ = {
			isa = XCSwiftPackageProductDependency;
			package = AE877B1A2C243A58008D5A0F /* XCRemoteSwiftPackageReference "firebase-ios-sdk" */;
			productName = FirebaseAuth;
		};
		AE877B1F2C243A58008D5A0F /* FirebaseCrashlytics */ = {
			isa = XCSwiftPackageProductDependency;
			package = AE877B1A2C243A58008D5A0F /* XCRemoteSwiftPackageReference "firebase-ios-sdk" */;
			productName = FirebaseCrashlytics;
		};
		AE877B212C243A58008D5A0F /* FirebaseFirestore */ = {
			isa = XCSwiftPackageProductDependency;
			package = AE877B1A2C243A58008D5A0F /* XCRemoteSwiftPackageReference "firebase-ios-sdk" */;
			productName = FirebaseFirestore;
		};
		AE877B232C243A58008D5A0F /* FirebaseInAppMessagingSwift-Beta */ = {
			isa = XCSwiftPackageProductDependency;
			package = AE877B1A2C243A58008D5A0F /* XCRemoteSwiftPackageReference "firebase-ios-sdk" */;
			productName = "FirebaseInAppMessagingSwift-Beta";
		};
		AE877B252C243A58008D5A0F /* FirebaseMessaging */ = {
			isa = XCSwiftPackageProductDependency;
			package = AE877B1A2C243A58008D5A0F /* XCRemoteSwiftPackageReference "firebase-ios-sdk" */;
			productName = FirebaseMessaging;
		};
		AE877B272C243A58008D5A0F /* FirebaseStorage */ = {
			isa = XCSwiftPackageProductDependency;
			package = AE877B1A2C243A58008D5A0F /* XCRemoteSwiftPackageReference "firebase-ios-sdk" */;
			productName = FirebaseStorage;
		};
/* End XCSwiftPackageProductDependency section */
	};
	rootObject = AE877AFB2C240456008D5A0F /* Project object */;
}
